lockfile_version: '1'
generated_at: '2026-07-30T14:14:04.898039+00:00'
apm_version: 0.23.1
dependencies:
- repo_url: Netcracker/qubership-apihub-ddlapi
  name: ddlapi-using
  host: github.com
  resolved_commit: a6f7dcb6a0aba9fb5e235cd0817ba0e5e8937dd6
  version: 1.1.0
  virtual_path: agent-packages/ddlapi-using
  is_virtual: true
  package_type: apm_package
  deployed_files:
  - .agents/skills/ddlapi-using
  - .agents/skills/ddlapi-using/SKILL.md
  - .claude/rules/ddlapi-using.md
  - .claude/skills/ddlapi-using
  - .claude/skills/ddlapi-using/SKILL.md
  - .cursor/rules/ddlapi-using.mdc
  - .github/instructions/ddlapi-using.instructions.md
  deployed_file_hashes:
    .agents/skills/ddlapi-using/SKILL.md: sha256:49ee63e1b58cc1ee7a0671a2a47dc6f42611977152bea9657002d60e6cee5fbd
    .claude/rules/ddlapi-using.md: sha256:9b01b3c3616cf72b19370930f4a306b6e29f7da146b40f35c016c861dcf1b252
    .claude/skills/ddlapi-using/SKILL.md: sha256:49ee63e1b58cc1ee7a0671a2a47dc6f42611977152bea9657002d60e6cee5fbd
    .cursor/rules/ddlapi-using.mdc: sha256:3af0f9e363e4d264c77c3313116a71ee5465b58600946e98615b996e6fc02f5d
    .github/instructions/ddlapi-using.instructions.md: sha256:a12f9f14d89ba48e3ef6631e1727f9f26c908d573c7ea836c3b44873672be558
  content_hash: sha256:fb5fe648b6b241c5e9aff66800a1088fc2ea528e0abd2d10b4c51a6230207645
- repo_url: Netcracker/qubership-apihub-json-crawl
  name: json-crawl-using
  host: github.com
  resolved_commit: f43d2dd69b3a5175087a9edac5aa0c04934835a3
  version: 1.2.0
  virtual_path: agent-packages/json-crawl-using
  is_virtual: true
  package_type: apm_package
  deployed_files:
  - .agents/skills/json-crawl-using
  - .agents/skills/json-crawl-using/SKILL.md
  - .claude/rules/json-crawl-using.md
  - .claude/skills/json-crawl-using
  - .claude/skills/json-crawl-using/SKILL.md
  - .cursor/rules/json-crawl-using.mdc
  deployed_file_hashes:
    .agents/skills/json-crawl-using/SKILL.md: sha256:a6adfa4344f157506d304c886398577fe9b860390c4ba94cfb8405a4c547805e
    .claude/rules/json-crawl-using.md: sha256:a8006d87bd66a3e8f883fde7e1633f243ec91320ca357a7a23d73d73946ea7af
    .claude/skills/json-crawl-using/SKILL.md: sha256:a6adfa4344f157506d304c886398577fe9b860390c4ba94cfb8405a4c547805e
    .cursor/rules/json-crawl-using.mdc: sha256:d671cbc5fdef3ee28814237cab31e140e3b36661cae3926e32752e01852f245f
  content_hash: sha256:26f877265321714d07a41435817cac085f1d5aaa721b7258af4820ac0f7f0a6e
- repo_url: _local/api-processor-authoring
  name: api-processor-authoring
  version: 1.0.0
  package_type: apm_package
  deployed_files:
  - .agents/skills/api-processor-authoring
  - .agents/skills/api-processor-authoring/SKILL.md
  - .claude/rules/api-processor-authoring.md
  - .claude/skills/api-processor-authoring
  - .claude/skills/api-processor-authoring/SKILL.md
  - .cursor/rules/api-processor-authoring.mdc
  deployed_file_hashes:
    .agents/skills/api-processor-authoring/SKILL.md: sha256:43a0c19f6e49246ccb0f674508b2f6c77c2f77c546e995b7385717291eb68689
    .claude/rules/api-processor-authoring.md: sha256:23ab79bdba8c9489f803a786cfe872979f9bfe37f324ab116d1c6bcbac869178
    .claude/skills/api-processor-authoring/SKILL.md: sha256:43a0c19f6e49246ccb0f674508b2f6c77c2f77c546e995b7385717291eb68689
    .cursor/rules/api-processor-authoring.mdc: sha256:7927344372310800fb378fe0202909a9b5a68e567a91e2509010f1f6fec482d3
  source: local
  local_path: ./agent-packages/api-processor-authoring
