lockfile_version: '1'
generated_at: '2026-08-06T07:25:00.953278+00:00'
apm_version: 0.26.0
dependencies:
- repo_url: _local/api-doc-viewer-authoring
  name: api-doc-viewer-authoring
  version: 1.0.0
  package_type: apm_package
  deployed_files:
  - .claude/rules/api-doc-viewer-authoring.md
  - .claude/skills/api-doc-viewer-authoring
  - .claude/skills/api-doc-viewer-authoring/SKILL.md
  - .cursor/rules/api-doc-viewer-authoring.mdc
  - .cursor/skills/api-doc-viewer-authoring
  - .cursor/skills/api-doc-viewer-authoring/SKILL.md
  deployed_file_hashes:
    .claude/rules/api-doc-viewer-authoring.md: sha256:1d6c2af8c876a25bc58324fb8e3ab38401857a8ed06b3812dea67327080c4718
    .claude/skills/api-doc-viewer-authoring/SKILL.md: sha256:f6143ef787d1cab86162c82941dda760813805167c883849b3644af86087102b
    .cursor/rules/api-doc-viewer-authoring.mdc: sha256:9f0e280b03507c191c552e7d78bdb65cc1f47d56c7e5fbe37a5e87cfb1afdb8f
    .cursor/skills/api-doc-viewer-authoring/SKILL.md: sha256:f6143ef787d1cab86162c82941dda760813805167c883849b3644af86087102b
  source: local
  local_path: ./agent-packages/api-doc-viewer-authoring
- repo_url: _local/api-doc-viewer-testing
  name: api-doc-viewer-testing
  version: 1.0.0
  package_type: apm_package
  deployed_files:
  - .claude/rules/api-doc-viewer-testing.md
  - .claude/skills/api-doc-viewer-testing
  - .claude/skills/api-doc-viewer-testing/SKILL.md
  - .cursor/rules/api-doc-viewer-testing.mdc
  - .cursor/skills/api-doc-viewer-testing
  - .cursor/skills/api-doc-viewer-testing/SKILL.md
  deployed_file_hashes:
    .claude/rules/api-doc-viewer-testing.md: sha256:9754dea129ac33d8ea028b990761a79feb56aefac3dc620a7be325911aa3eaf1
    .claude/skills/api-doc-viewer-testing/SKILL.md: sha256:8e7622389146ef42040cead1824a22f50bc10ea1024cc5a18eaf96701d74fefd
    .cursor/rules/api-doc-viewer-testing.mdc: sha256:8468b19496e2b1340a495472365b3161590716c1e6515ab17f6637a90e0b6bed
    .cursor/skills/api-doc-viewer-testing/SKILL.md: sha256:8e7622389146ef42040cead1824a22f50bc10ea1024cc5a18eaf96701d74fefd
  source: local
  local_path: ./agent-packages/api-doc-viewer-testing
- repo_url: _local/api-doc-viewer-using
  name: api-doc-viewer-using
  version: 1.0.0
  package_type: apm_package
  deployed_files:
  - .claude/rules/api-doc-viewer-using.md
  - .claude/skills/api-doc-viewer-using
  - .claude/skills/api-doc-viewer-using/SKILL.md
  - .cursor/rules/api-doc-viewer-using.mdc
  - .cursor/skills/api-doc-viewer-using
  - .cursor/skills/api-doc-viewer-using/SKILL.md
  deployed_file_hashes:
    .claude/rules/api-doc-viewer-using.md: sha256:ab6db9352f029e64fa74bb2379863fbd8caaade214f00e0be4aa914f043a568c
    .claude/skills/api-doc-viewer-using/SKILL.md: sha256:f9dfe9b1a9433fb7ae2c8f230865046fbf4bb6a4573400ebcfa3e54792ad1fbe
    .cursor/rules/api-doc-viewer-using.mdc: sha256:153d63310476c49f206b955e67503944e542f6c2d7459a7ab9def021e89ee85b
    .cursor/skills/api-doc-viewer-using/SKILL.md: sha256:f9dfe9b1a9433fb7ae2c8f230865046fbf4bb6a4573400ebcfa3e54792ad1fbe
  source: local
  local_path: ./agent-packages/api-doc-viewer-using
- repo_url: _local/next-data-model-authoring
  name: next-data-model-authoring
  version: 1.0.0
  package_type: apm_package
  deployed_files:
  - .claude/rules/next-data-model-authoring.md
  - .claude/skills/next-data-model-authoring
  - .claude/skills/next-data-model-authoring/SKILL.md
  - .claude/skills/next-data-model-authoring/node-visibility/authoring.md
  - .claude/skills/next-data-model-authoring/node-visibility/ddlapi.md
  - .claude/skills/next-data-model-authoring/node-visibility/general-approach.md
  - .cursor/rules/next-data-model-authoring.mdc
  - .cursor/skills/next-data-model-authoring
  - .cursor/skills/next-data-model-authoring/SKILL.md
  - .cursor/skills/next-data-model-authoring/node-visibility/authoring.md
  - .cursor/skills/next-data-model-authoring/node-visibility/ddlapi.md
  - .cursor/skills/next-data-model-authoring/node-visibility/general-approach.md
  deployed_file_hashes:
    .claude/rules/next-data-model-authoring.md: sha256:70210952bfcea3f072bc9d806ac70c16ae9e147e54a3b9f2a05e06476d255926
    .claude/skills/next-data-model-authoring/SKILL.md: sha256:25aa9dab216ce74502bfc458a9ea30b63dd3dee187f5727bcae53204da4178f1
    .claude/skills/next-data-model-authoring/node-visibility/authoring.md: sha256:715c86a9ea31b91edd7caf625ce82411fdfc88a0175b3f748072d0fde847dad2
    .claude/skills/next-data-model-authoring/node-visibility/ddlapi.md: sha256:a8945401440060035907c66f79d124520351981a10d19544c951acf174c00400
    .claude/skills/next-data-model-authoring/node-visibility/general-approach.md: sha256:2b6f93f8797bedaac1cfa590d82de6cdb2497df92b36fe3dd54def464c08a64c
    .cursor/rules/next-data-model-authoring.mdc: sha256:fb7dab286ef502d05029953c39235ea585ebb75236a65d4509e13f82c3199b8d
    .cursor/skills/next-data-model-authoring/SKILL.md: sha256:25aa9dab216ce74502bfc458a9ea30b63dd3dee187f5727bcae53204da4178f1
    .cursor/skills/next-data-model-authoring/node-visibility/authoring.md: sha256:715c86a9ea31b91edd7caf625ce82411fdfc88a0175b3f748072d0fde847dad2
    .cursor/skills/next-data-model-authoring/node-visibility/ddlapi.md: sha256:a8945401440060035907c66f79d124520351981a10d19544c951acf174c00400
    .cursor/skills/next-data-model-authoring/node-visibility/general-approach.md: sha256:2b6f93f8797bedaac1cfa590d82de6cdb2497df92b36fe3dd54def464c08a64c
  source: local
  local_path: ./agent-packages/next-data-model-authoring
- repo_url: _local/next-data-model-using
  name: next-data-model-using
  version: 1.0.0
  package_type: apm_package
  deployed_files:
  - .claude/rules/next-data-model-using.md
  - .claude/skills/next-data-model-using
  - .claude/skills/next-data-model-using/SKILL.md
  - .cursor/rules/next-data-model-using.mdc
  - .cursor/skills/next-data-model-using
  - .cursor/skills/next-data-model-using/SKILL.md
  deployed_file_hashes:
    .claude/rules/next-data-model-using.md: sha256:c1c2a888046fa725cace72dd4d17544c13a06f0cfa002e73d6ccb55890b1091f
    .claude/skills/next-data-model-using/SKILL.md: sha256:6ebdb0788d4d2296b7847546199bc6005efdc766a71a40f0cee04a20346001a2
    .cursor/rules/next-data-model-using.mdc: sha256:ebbd79d667753ced5c75acf1a00e3dd937d32a991e5e5886de8cd53eb19a4044
    .cursor/skills/next-data-model-using/SKILL.md: sha256:6ebdb0788d4d2296b7847546199bc6005efdc766a71a40f0cee04a20346001a2
  source: local
  local_path: ./agent-packages/next-data-model-using
- repo_url: netcracker/qubership-apihub-ddlapi
  name: ddlapi-using
  host: github.com
  resolved_commit: a6f7dcb6a0aba9fb5e235cd0817ba0e5e8937dd6
  version: 1.1.0
  virtual_path: agent-packages/ddlapi-using
  is_virtual: true
  package_type: apm_package
  deployed_files:
  - .claude/rules/ddlapi-using.md
  - .claude/skills/ddlapi-using
  - .claude/skills/ddlapi-using/SKILL.md
  - .cursor/rules/ddlapi-using.mdc
  - .cursor/skills/ddlapi-using
  - .cursor/skills/ddlapi-using/SKILL.md
  deployed_file_hashes:
    .claude/rules/ddlapi-using.md: sha256:9b01b3c3616cf72b19370930f4a306b6e29f7da146b40f35c016c861dcf1b252
    .claude/skills/ddlapi-using/SKILL.md: sha256:49ee63e1b58cc1ee7a0671a2a47dc6f42611977152bea9657002d60e6cee5fbd
    .cursor/rules/ddlapi-using.mdc: sha256:3af0f9e363e4d264c77c3313116a71ee5465b58600946e98615b996e6fc02f5d
    .cursor/skills/ddlapi-using/SKILL.md: sha256:49ee63e1b58cc1ee7a0671a2a47dc6f42611977152bea9657002d60e6cee5fbd
  content_hash: sha256:fb5fe648b6b241c5e9aff66800a1088fc2ea528e0abd2d10b4c51a6230207645
- repo_url: netcracker/qubership-apihub-json-crawl
  name: json-crawl-using
  host: github.com
  resolved_commit: f43d2dd69b3a5175087a9edac5aa0c04934835a3
  version: 1.2.0
  virtual_path: agent-packages/json-crawl-using
  is_virtual: true
  package_type: apm_package
  deployed_files:
  - .claude/rules/json-crawl-using.md
  - .claude/skills/json-crawl-using
  - .claude/skills/json-crawl-using/SKILL.md
  - .cursor/rules/json-crawl-using.mdc
  - .cursor/skills/json-crawl-using
  - .cursor/skills/json-crawl-using/SKILL.md
  deployed_file_hashes:
    .claude/rules/json-crawl-using.md: sha256:a8006d87bd66a3e8f883fde7e1633f243ec91320ca357a7a23d73d73946ea7af
    .claude/skills/json-crawl-using/SKILL.md: sha256:a6adfa4344f157506d304c886398577fe9b860390c4ba94cfb8405a4c547805e
    .cursor/rules/json-crawl-using.mdc: sha256:d671cbc5fdef3ee28814237cab31e140e3b36661cae3926e32752e01852f245f
    .cursor/skills/json-crawl-using/SKILL.md: sha256:a6adfa4344f157506d304c886398577fe9b860390c4ba94cfb8405a4c547805e
  content_hash: sha256:26f877265321714d07a41435817cac085f1d5aaa721b7258af4820ac0f7f0a6e
deployments:
- kind: project-relative
  target: claude
  value: .claude/rules/api-doc-viewer-authoring.md
  runtime: null
  scope: project
  owners:
  - ./agent-packages/api-doc-viewer-authoring
  active_owner: ./agent-packages/api-doc-viewer-authoring
  content_hash: sha256:1d6c2af8c876a25bc58324fb8e3ab38401857a8ed06b3812dea67327080c4718
- kind: project-relative
  target: claude
  value: .claude/rules/api-doc-viewer-testing.md
  runtime: null
  scope: project
  owners:
  - ./agent-packages/api-doc-viewer-testing
  active_owner: ./agent-packages/api-doc-viewer-testing
  content_hash: sha256:9754dea129ac33d8ea028b990761a79feb56aefac3dc620a7be325911aa3eaf1
- kind: project-relative
  target: claude
  value: .claude/rules/api-doc-viewer-using.md
  runtime: null
  scope: project
  owners:
  - ./agent-packages/api-doc-viewer-using
  active_owner: ./agent-packages/api-doc-viewer-using
  content_hash: sha256:ab6db9352f029e64fa74bb2379863fbd8caaade214f00e0be4aa914f043a568c
- kind: project-relative
  target: claude
  value: .claude/rules/ddlapi-using.md
  runtime: null
  scope: project
  owners:
  - netcracker/qubership-apihub-ddlapi/agent-packages/ddlapi-using
  active_owner: netcracker/qubership-apihub-ddlapi/agent-packages/ddlapi-using
  content_hash: sha256:9b01b3c3616cf72b19370930f4a306b6e29f7da146b40f35c016c861dcf1b252
- kind: project-relative
  target: claude
  value: .claude/rules/json-crawl-using.md
  runtime: null
  scope: project
  owners:
  - netcracker/qubership-apihub-json-crawl/agent-packages/json-crawl-using
  active_owner: netcracker/qubership-apihub-json-crawl/agent-packages/json-crawl-using
  content_hash: sha256:a8006d87bd66a3e8f883fde7e1633f243ec91320ca357a7a23d73d73946ea7af
- kind: project-relative
  target: claude
  value: .claude/rules/next-data-model-authoring.md
  runtime: null
  scope: project
  owners:
  - ./agent-packages/next-data-model-authoring
  active_owner: ./agent-packages/next-data-model-authoring
  content_hash: sha256:70210952bfcea3f072bc9d806ac70c16ae9e147e54a3b9f2a05e06476d255926
- kind: project-relative
  target: claude
  value: .claude/rules/next-data-model-using.md
  runtime: null
  scope: project
  owners:
  - ./agent-packages/next-data-model-using
  active_owner: ./agent-packages/next-data-model-using
  content_hash: sha256:c1c2a888046fa725cace72dd4d17544c13a06f0cfa002e73d6ccb55890b1091f
- kind: project-relative
  target: claude
  value: .claude/skills/api-doc-viewer-authoring
  runtime: null
  scope: project
  owners:
  - ./agent-packages/api-doc-viewer-authoring
  active_owner: ./agent-packages/api-doc-viewer-authoring
  content_hash: null
- kind: project-relative
  target: claude
  value: .claude/skills/api-doc-viewer-authoring/SKILL.md
  runtime: null
  scope: project
  owners:
  - ./agent-packages/api-doc-viewer-authoring
  active_owner: ./agent-packages/api-doc-viewer-authoring
  content_hash: sha256:f6143ef787d1cab86162c82941dda760813805167c883849b3644af86087102b
- kind: project-relative
  target: claude
  value: .claude/skills/api-doc-viewer-testing
  runtime: null
  scope: project
  owners:
  - ./agent-packages/api-doc-viewer-testing
  active_owner: ./agent-packages/api-doc-viewer-testing
  content_hash: null
- kind: project-relative
  target: claude
  value: .claude/skills/api-doc-viewer-testing/SKILL.md
  runtime: null
  scope: project
  owners:
  - ./agent-packages/api-doc-viewer-testing
  active_owner: ./agent-packages/api-doc-viewer-testing
  content_hash: sha256:8e7622389146ef42040cead1824a22f50bc10ea1024cc5a18eaf96701d74fefd
- kind: project-relative
  target: claude
  value: .claude/skills/api-doc-viewer-using
  runtime: null
  scope: project
  owners:
  - ./agent-packages/api-doc-viewer-using
  active_owner: ./agent-packages/api-doc-viewer-using
  content_hash: null
- kind: project-relative
  target: claude
  value: .claude/skills/api-doc-viewer-using/SKILL.md
  runtime: null
  scope: project
  owners:
  - ./agent-packages/api-doc-viewer-using
  active_owner: ./agent-packages/api-doc-viewer-using
  content_hash: sha256:f9dfe9b1a9433fb7ae2c8f230865046fbf4bb6a4573400ebcfa3e54792ad1fbe
- kind: project-relative
  target: claude
  value: .claude/skills/ddlapi-using
  runtime: null
  scope: project
  owners:
  - netcracker/qubership-apihub-ddlapi/agent-packages/ddlapi-using
  active_owner: netcracker/qubership-apihub-ddlapi/agent-packages/ddlapi-using
  content_hash: null
- kind: project-relative
  target: claude
  value: .claude/skills/ddlapi-using/SKILL.md
  runtime: null
  scope: project
  owners:
  - netcracker/qubership-apihub-ddlapi/agent-packages/ddlapi-using
  active_owner: netcracker/qubership-apihub-ddlapi/agent-packages/ddlapi-using
  content_hash: sha256:49ee63e1b58cc1ee7a0671a2a47dc6f42611977152bea9657002d60e6cee5fbd
- kind: project-relative
  target: claude
  value: .claude/skills/json-crawl-using
  runtime: null
  scope: project
  owners:
  - netcracker/qubership-apihub-json-crawl/agent-packages/json-crawl-using
  active_owner: netcracker/qubership-apihub-json-crawl/agent-packages/json-crawl-using
  content_hash: null
- kind: project-relative
  target: claude
  value: .claude/skills/json-crawl-using/SKILL.md
  runtime: null
  scope: project
  owners:
  - netcracker/qubership-apihub-json-crawl/agent-packages/json-crawl-using
  active_owner: netcracker/qubership-apihub-json-crawl/agent-packages/json-crawl-using
  content_hash: sha256:a6adfa4344f157506d304c886398577fe9b860390c4ba94cfb8405a4c547805e
- kind: project-relative
  target: claude
  value: .claude/skills/next-data-model-authoring
  runtime: null
  scope: project
  owners:
  - ./agent-packages/next-data-model-authoring
  active_owner: ./agent-packages/next-data-model-authoring
  content_hash: null
- kind: project-relative
  target: claude
  value: .claude/skills/next-data-model-authoring/SKILL.md
  runtime: null
  scope: project
  owners:
  - ./agent-packages/next-data-model-authoring
  active_owner: ./agent-packages/next-data-model-authoring
  content_hash: sha256:25aa9dab216ce74502bfc458a9ea30b63dd3dee187f5727bcae53204da4178f1
- kind: project-relative
  target: claude
  value: .claude/skills/next-data-model-authoring/node-visibility/authoring.md
  runtime: null
  scope: project
  owners:
  - ./agent-packages/next-data-model-authoring
  active_owner: ./agent-packages/next-data-model-authoring
  content_hash: sha256:715c86a9ea31b91edd7caf625ce82411fdfc88a0175b3f748072d0fde847dad2
- kind: project-relative
  target: claude
  value: .claude/skills/next-data-model-authoring/node-visibility/ddlapi.md
  runtime: null
  scope: project
  owners:
  - ./agent-packages/next-data-model-authoring
  active_owner: ./agent-packages/next-data-model-authoring
  content_hash: sha256:a8945401440060035907c66f79d124520351981a10d19544c951acf174c00400
- kind: project-relative
  target: claude
  value: .claude/skills/next-data-model-authoring/node-visibility/general-approach.md
  runtime: null
  scope: project
  owners:
  - ./agent-packages/next-data-model-authoring
  active_owner: ./agent-packages/next-data-model-authoring
  content_hash: sha256:2b6f93f8797bedaac1cfa590d82de6cdb2497df92b36fe3dd54def464c08a64c
- kind: project-relative
  target: claude
  value: .claude/skills/next-data-model-using
  runtime: null
  scope: project
  owners:
  - ./agent-packages/next-data-model-using
  active_owner: ./agent-packages/next-data-model-using
  content_hash: null
- kind: project-relative
  target: claude
  value: .claude/skills/next-data-model-using/SKILL.md
  runtime: null
  scope: project
  owners:
  - ./agent-packages/next-data-model-using
  active_owner: ./agent-packages/next-data-model-using
  content_hash: sha256:6ebdb0788d4d2296b7847546199bc6005efdc766a71a40f0cee04a20346001a2
- kind: project-relative
  target: cursor
  value: .cursor/rules/api-doc-viewer-authoring.mdc
  runtime: null
  scope: project
  owners:
  - ./agent-packages/api-doc-viewer-authoring
  active_owner: ./agent-packages/api-doc-viewer-authoring
  content_hash: sha256:9f0e280b03507c191c552e7d78bdb65cc1f47d56c7e5fbe37a5e87cfb1afdb8f
- kind: project-relative
  target: cursor
  value: .cursor/rules/api-doc-viewer-testing.mdc
  runtime: null
  scope: project
  owners:
  - ./agent-packages/api-doc-viewer-testing
  active_owner: ./agent-packages/api-doc-viewer-testing
  content_hash: sha256:8468b19496e2b1340a495472365b3161590716c1e6515ab17f6637a90e0b6bed
- kind: project-relative
  target: cursor
  value: .cursor/rules/api-doc-viewer-using.mdc
  runtime: null
  scope: project
  owners:
  - ./agent-packages/api-doc-viewer-using
  active_owner: ./agent-packages/api-doc-viewer-using
  content_hash: sha256:153d63310476c49f206b955e67503944e542f6c2d7459a7ab9def021e89ee85b
- kind: project-relative
  target: cursor
  value: .cursor/rules/ddlapi-using.mdc
  runtime: null
  scope: project
  owners:
  - netcracker/qubership-apihub-ddlapi/agent-packages/ddlapi-using
  active_owner: netcracker/qubership-apihub-ddlapi/agent-packages/ddlapi-using
  content_hash: sha256:3af0f9e363e4d264c77c3313116a71ee5465b58600946e98615b996e6fc02f5d
- kind: project-relative
  target: cursor
  value: .cursor/rules/json-crawl-using.mdc
  runtime: null
  scope: project
  owners:
  - netcracker/qubership-apihub-json-crawl/agent-packages/json-crawl-using
  active_owner: netcracker/qubership-apihub-json-crawl/agent-packages/json-crawl-using
  content_hash: sha256:d671cbc5fdef3ee28814237cab31e140e3b36661cae3926e32752e01852f245f
- kind: project-relative
  target: cursor
  value: .cursor/rules/next-data-model-authoring.mdc
  runtime: null
  scope: project
  owners:
  - ./agent-packages/next-data-model-authoring
  active_owner: ./agent-packages/next-data-model-authoring
  content_hash: sha256:fb7dab286ef502d05029953c39235ea585ebb75236a65d4509e13f82c3199b8d
- kind: project-relative
  target: cursor
  value: .cursor/rules/next-data-model-using.mdc
  runtime: null
  scope: project
  owners:
  - ./agent-packages/next-data-model-using
  active_owner: ./agent-packages/next-data-model-using
  content_hash: sha256:ebbd79d667753ced5c75acf1a00e3dd937d32a991e5e5886de8cd53eb19a4044
- kind: project-relative
  target: cursor
  value: .cursor/skills/api-doc-viewer-authoring
  runtime: null
  scope: project
  owners:
  - ./agent-packages/api-doc-viewer-authoring
  active_owner: ./agent-packages/api-doc-viewer-authoring
  content_hash: null
- kind: project-relative
  target: cursor
  value: .cursor/skills/api-doc-viewer-authoring/SKILL.md
  runtime: null
  scope: project
  owners:
  - ./agent-packages/api-doc-viewer-authoring
  active_owner: ./agent-packages/api-doc-viewer-authoring
  content_hash: sha256:f6143ef787d1cab86162c82941dda760813805167c883849b3644af86087102b
- kind: project-relative
  target: cursor
  value: .cursor/skills/api-doc-viewer-testing
  runtime: null
  scope: project
  owners:
  - ./agent-packages/api-doc-viewer-testing
  active_owner: ./agent-packages/api-doc-viewer-testing
  content_hash: null
- kind: project-relative
  target: cursor
  value: .cursor/skills/api-doc-viewer-testing/SKILL.md
  runtime: null
  scope: project
  owners:
  - ./agent-packages/api-doc-viewer-testing
  active_owner: ./agent-packages/api-doc-viewer-testing
  content_hash: sha256:8e7622389146ef42040cead1824a22f50bc10ea1024cc5a18eaf96701d74fefd
- kind: project-relative
  target: cursor
  value: .cursor/skills/api-doc-viewer-using
  runtime: null
  scope: project
  owners:
  - ./agent-packages/api-doc-viewer-using
  active_owner: ./agent-packages/api-doc-viewer-using
  content_hash: null
- kind: project-relative
  target: cursor
  value: .cursor/skills/api-doc-viewer-using/SKILL.md
  runtime: null
  scope: project
  owners:
  - ./agent-packages/api-doc-viewer-using
  active_owner: ./agent-packages/api-doc-viewer-using
  content_hash: sha256:f9dfe9b1a9433fb7ae2c8f230865046fbf4bb6a4573400ebcfa3e54792ad1fbe
- kind: project-relative
  target: cursor
  value: .cursor/skills/ddlapi-using
  runtime: null
  scope: project
  owners:
  - netcracker/qubership-apihub-ddlapi/agent-packages/ddlapi-using
  active_owner: netcracker/qubership-apihub-ddlapi/agent-packages/ddlapi-using
  content_hash: null
- kind: project-relative
  target: cursor
  value: .cursor/skills/ddlapi-using/SKILL.md
  runtime: null
  scope: project
  owners:
  - netcracker/qubership-apihub-ddlapi/agent-packages/ddlapi-using
  active_owner: netcracker/qubership-apihub-ddlapi/agent-packages/ddlapi-using
  content_hash: sha256:49ee63e1b58cc1ee7a0671a2a47dc6f42611977152bea9657002d60e6cee5fbd
- kind: project-relative
  target: cursor
  value: .cursor/skills/json-crawl-using
  runtime: null
  scope: project
  owners:
  - netcracker/qubership-apihub-json-crawl/agent-packages/json-crawl-using
  active_owner: netcracker/qubership-apihub-json-crawl/agent-packages/json-crawl-using
  content_hash: null
- kind: project-relative
  target: cursor
  value: .cursor/skills/json-crawl-using/SKILL.md
  runtime: null
  scope: project
  owners:
  - netcracker/qubership-apihub-json-crawl/agent-packages/json-crawl-using
  active_owner: netcracker/qubership-apihub-json-crawl/agent-packages/json-crawl-using
  content_hash: sha256:a6adfa4344f157506d304c886398577fe9b860390c4ba94cfb8405a4c547805e
- kind: project-relative
  target: cursor
  value: .cursor/skills/next-data-model-authoring
  runtime: null
  scope: project
  owners:
  - ./agent-packages/next-data-model-authoring
  active_owner: ./agent-packages/next-data-model-authoring
  content_hash: null
- kind: project-relative
  target: cursor
  value: .cursor/skills/next-data-model-authoring/SKILL.md
  runtime: null
  scope: project
  owners:
  - ./agent-packages/next-data-model-authoring
  active_owner: ./agent-packages/next-data-model-authoring
  content_hash: sha256:25aa9dab216ce74502bfc458a9ea30b63dd3dee187f5727bcae53204da4178f1
- kind: project-relative
  target: cursor
  value: .cursor/skills/next-data-model-authoring/node-visibility/authoring.md
  runtime: null
  scope: project
  owners:
  - ./agent-packages/next-data-model-authoring
  active_owner: ./agent-packages/next-data-model-authoring
  content_hash: sha256:715c86a9ea31b91edd7caf625ce82411fdfc88a0175b3f748072d0fde847dad2
- kind: project-relative
  target: cursor
  value: .cursor/skills/next-data-model-authoring/node-visibility/ddlapi.md
  runtime: null
  scope: project
  owners:
  - ./agent-packages/next-data-model-authoring
  active_owner: ./agent-packages/next-data-model-authoring
  content_hash: sha256:a8945401440060035907c66f79d124520351981a10d19544c951acf174c00400
- kind: project-relative
  target: cursor
  value: .cursor/skills/next-data-model-authoring/node-visibility/general-approach.md
  runtime: null
  scope: project
  owners:
  - ./agent-packages/next-data-model-authoring
  active_owner: ./agent-packages/next-data-model-authoring
  content_hash: sha256:2b6f93f8797bedaac1cfa590d82de6cdb2497df92b36fe3dd54def464c08a64c
- kind: project-relative
  target: cursor
  value: .cursor/skills/next-data-model-using
  runtime: null
  scope: project
  owners:
  - ./agent-packages/next-data-model-using
  active_owner: ./agent-packages/next-data-model-using
  content_hash: null
- kind: project-relative
  target: cursor
  value: .cursor/skills/next-data-model-using/SKILL.md
  runtime: null
  scope: project
  owners:
  - ./agent-packages/next-data-model-using
  active_owner: ./agent-packages/next-data-model-using
  content_hash: sha256:6ebdb0788d4d2296b7847546199bc6005efdc766a71a40f0cee04a20346001a2
